
Microsoft Visual Studio Solution File, Format Version 11.00
# Visual Studio 2010
Project("{8BC9CEB8-8B4A-11D0-8D11-00A0C91BC942}") = "BasicUsageEnvironment", "BasicUsageEnvironment\BasicUsageEnvironment.vcxproj", "{6EFDBF0E-2932-488E-9AD5-F92A46784144}"
EndProject
Project("{8BC9CEB8-8B4A-11D0-8D11-00A0C91BC942}") = "groupsock", "groupsock\groupsock.vcxproj", "{89395F5F-AF28-414F-87DF-4AE3E9DDFEC7}"
EndProject
Project("{2150E333-8FDC-42A3-9474-1A3956D46DE8}") = "live555", "live555", "{10ABCB08-57E7-4C47-B087-FDF12F0BE8B9}"
EndProject
Project("{8BC9CEB8-8B4A-11D0-8D11-00A0C91BC942}") = "UsageEnvironment", "UsageEnvironment\UsageEnvironment.vcxproj", "{0D8D74E5-2A93-4654-8C54-D13D7D45E9EE}"
EndProject
Project("{8BC9CEB8-8B4A-11D0-8D11-00A0C91BC942}") = "liveMedia", "liveMedia\liveMedia.vcxproj", "{8A6242C4-E215-4B88-88BB-1687C10CBBA3}"
EndProject
Project("{8BC9CEB8-8B4A-11D0-8D11-00A0C91BC942}") = "mediaServer", "mediaServer\mediaServer.vcxproj", "{94919143-0CF5-4172-B7E9-26A7A046157E}"
	ProjectSection(ProjectDependencies) = postProject
		{6EFDBF0E-2932-488E-9AD5-F92A46784144} = {6EFDBF0E-2932-488E-9AD5-F92A46784144}
		{89395F5F-AF28-414F-87DF-4AE3E9DDFEC7} = {89395F5F-AF28-414F-87DF-4AE3E9DDFEC7}
		{8A6242C4-E215-4B88-88BB-1687C10CBBA3} = {8A6242C4-E215-4B88-88BB-1687C10CBBA3}
		{0D8D74E5-2A93-4654-8C54-D13D7D45E9EE} = {0D8D74E5-2A93-4654-8C54-D13D7D45E9EE}
	EndProjectSection
EndProject
Project("{8BC9CEB8-8B4A-11D0-8D11-00A0C91BC942}") = "proxyServer", "proxyServer\proxyServer.vcxproj", "{D27A6CB9-4C0F-473A-A55B-0C6F59B63894}"
	ProjectSection(ProjectDependencies) = postProject
		{6EFDBF0E-2932-488E-9AD5-F92A46784144} = {6EFDBF0E-2932-488E-9AD5-F92A46784144}
		{89395F5F-AF28-414F-87DF-4AE3E9DDFEC7} = {89395F5F-AF28-414F-87DF-4AE3E9DDFEC7}
		{8A6242C4-E215-4B88-88BB-1687C10CBBA3} = {8A6242C4-E215-4B88-88BB-1687C10CBBA3}
		{0D8D74E5-2A93-4654-8C54-D13D7D45E9EE} = {0D8D74E5-2A93-4654-8C54-D13D7D45E9EE}
	EndProjectSection
EndProject
Global
	GlobalSection(SolutionConfigurationPlatforms) = preSolution
		Debug|Win32 = Debug|Win32
		Debug|x64 = Debug|x64
		Release|Win32 = Release|Win32
		Release|x64 = Release|x64
	EndGlobalSection
	GlobalSection(ProjectConfigurationPlatforms) = postSolution
		{6EFDBF0E-2932-488E-9AD5-F92A46784144}.Debug|Win32.ActiveCfg = Debug|Win32
		{6EFDBF0E-2932-488E-9AD5-F92A46784144}.Debug|Win32.Build.0 = Debug|Win32
		{6EFDBF0E-2932-488E-9AD5-F92A46784144}.Debug|x64.ActiveCfg = Debug|x64
		{6EFDBF0E-2932-488E-9AD5-F92A46784144}.Debug|x64.Build.0 = Debug|x64
		{6EFDBF0E-2932-488E-9AD5-F92A46784144}.Release|Win32.ActiveCfg = Release|Win32
		{6EFDBF0E-2932-488E-9AD5-F92A46784144}.Release|Win32.Build.0 = Release|Win32
		{6EFDBF0E-2932-488E-9AD5-F92A46784144}.Release|x64.ActiveCfg = Release|x64
		{6EFDBF0E-2932-488E-9AD5-F92A46784144}.Release|x64.Build.0 = Release|x64
		{89395F5F-AF28-414F-87DF-4AE3E9DDFEC7}.Debug|Win32.ActiveCfg = Debug|Win32
		{89395F5F-AF28-414F-87DF-4AE3E9DDFEC7}.Debug|Win32.Build.0 = Debug|Win32
		{89395F5F-AF28-414F-87DF-4AE3E9DDFEC7}.Debug|x64.ActiveCfg = Debug|x64
		{89395F5F-AF28-414F-87DF-4AE3E9DDFEC7}.Debug|x64.Build.0 = Debug|x64
		{89395F5F-AF28-414F-87DF-4AE3E9DDFEC7}.Release|Win32.ActiveCfg = Release|Win32
		{89395F5F-AF28-414F-87DF-4AE3E9DDFEC7}.Release|Win32.Build.0 = Release|Win32
		{89395F5F-AF28-414F-87DF-4AE3E9DDFEC7}.Release|x64.ActiveCfg = Release|x64
		{89395F5F-AF28-414F-87DF-4AE3E9DDFEC7}.Release|x64.Build.0 = Release|x64
		{0D8D74E5-2A93-4654-8C54-D13D7D45E9EE}.Debug|Win32.ActiveCfg = Debug|Win32
		{0D8D74E5-2A93-4654-8C54-D13D7D45E9EE}.Debug|Win32.Build.0 = Debug|Win32
		{0D8D74E5-2A93-4654-8C54-D13D7D45E9EE}.Debug|x64.ActiveCfg = Debug|x64
		{0D8D74E5-2A93-4654-8C54-D13D7D45E9EE}.Debug|x64.Build.0 = Debug|x64
		{0D8D74E5-2A93-4654-8C54-D13D7D45E9EE}.Release|Win32.ActiveCfg = Release|Win32
		{0D8D74E5-2A93-4654-8C54-D13D7D45E9EE}.Release|Win32.Build.0 = Release|Win32
		{0D8D74E5-2A93-4654-8C54-D13D7D45E9EE}.Release|x64.ActiveCfg = Release|x64
		{0D8D74E5-2A93-4654-8C54-D13D7D45E9EE}.Release|x64.Build.0 = Release|x64
		{8A6242C4-E215-4B88-88BB-1687C10CBBA3}.Debug|Win32.ActiveCfg = Debug|Win32
		{8A6242C4-E215-4B88-88BB-1687C10CBBA3}.Debug|Win32.Build.0 = Debug|Win32
		{8A6242C4-E215-4B88-88BB-1687C10CBBA3}.Debug|x64.ActiveCfg = Debug|x64
		{8A6242C4-E215-4B88-88BB-1687C10CBBA3}.Debug|x64.Build.0 = Debug|x64
		{8A6242C4-E215-4B88-88BB-1687C10CBBA3}.Release|Win32.ActiveCfg = Release|Win32
		{8A6242C4-E215-4B88-88BB-1687C10CBBA3}.Release|Win32.Build.0 = Release|Win32
		{8A6242C4-E215-4B88-88BB-1687C10CBBA3}.Release|x64.ActiveCfg = Release|x64
		{8A6242C4-E215-4B88-88BB-1687C10CBBA3}.Release|x64.Build.0 = Release|x64
		{94919143-0CF5-4172-B7E9-26A7A046157E}.Debug|Win32.ActiveCfg = Debug|Win32
		{94919143-0CF5-4172-B7E9-26A7A046157E}.Debug|Win32.Build.0 = Debug|Win32
		{94919143-0CF5-4172-B7E9-26A7A046157E}.Debug|x64.ActiveCfg = Debug|x64
		{94919143-0CF5-4172-B7E9-26A7A046157E}.Debug|x64.Build.0 = Debug|x64
		{94919143-0CF5-4172-B7E9-26A7A046157E}.Release|Win32.ActiveCfg = Release|Win32
		{94919143-0CF5-4172-B7E9-26A7A046157E}.Release|Win32.Build.0 = Release|Win32
		{94919143-0CF5-4172-B7E9-26A7A046157E}.Release|x64.ActiveCfg = Release|x64
		{94919143-0CF5-4172-B7E9-26A7A046157E}.Release|x64.Build.0 = Release|x64
		{D27A6CB9-4C0F-473A-A55B-0C6F59B63894}.Debug|Win32.ActiveCfg = Debug|Win32
		{D27A6CB9-4C0F-473A-A55B-0C6F59B63894}.Debug|Win32.Build.0 = Debug|Win32
		{D27A6CB9-4C0F-473A-A55B-0C6F59B63894}.Debug|x64.ActiveCfg = Debug|x64
		{D27A6CB9-4C0F-473A-A55B-0C6F59B63894}.Debug|x64.Build.0 = Debug|x64
		{D27A6CB9-4C0F-473A-A55B-0C6F59B63894}.Release|Win32.ActiveCfg = Release|Win32
		{D27A6CB9-4C0F-473A-A55B-0C6F59B63894}.Release|Win32.Build.0 = Release|Win32
		{D27A6CB9-4C0F-473A-A55B-0C6F59B63894}.Release|x64.ActiveCfg = Release|x64
		{D27A6CB9-4C0F-473A-A55B-0C6F59B63894}.Release|x64.Build.0 = Release|x64
	EndGlobalSection
	GlobalSection(SolutionProperties) = preSolution
		HideSolutionNode = FALSE
	EndGlobalSection
	GlobalSection(NestedProjects) = preSolution
		{89395F5F-AF28-414F-87DF-4AE3E9DDFEC7} = {10ABCB08-57E7-4C47-B087-FDF12F0BE8B9}
		{6EFDBF0E-2932-488E-9AD5-F92A46784144} = {10ABCB08-57E7-4C47-B087-FDF12F0BE8B9}
		{0D8D74E5-2A93-4654-8C54-D13D7D45E9EE} = {10ABCB08-57E7-4C47-B087-FDF12F0BE8B9}
		{8A6242C4-E215-4B88-88BB-1687C10CBBA3} = {10ABCB08-57E7-4C47-B087-FDF12F0BE8B9}
		{94919143-0CF5-4172-B7E9-26A7A046157E} = {10ABCB08-57E7-4C47-B087-FDF12F0BE8B9}
		{D27A6CB9-4C0F-473A-A55B-0C6F59B63894} = {10ABCB08-57E7-4C47-B087-FDF12F0BE8B9}
	EndGlobalSection
EndGlobal
